
Microsoft Visual Studio Solution File, Format Version 12.00
# Visual Studio Version 17
VisualStudioVersion = 17.5.002.0
MinimumVisualStudioVersion = 10.0.40219.1
Project("{9A19103F-16F7-4668-BE54-9A1E7A4F7556}") = "Apis", "Apis.csproj", "{6C7282A6-81E5-436C-9892-38903A7AC189}"
EndProject
Global
	GlobalSection(SolutionConfigurationPlatforms) = preSolution
		Debug|Any CPU = Debug|Any CPU
		Release|Any CPU = Release|Any CPU
	EndGlobalSection
	GlobalSection(ProjectConfigurationPlatforms) = postSolution
		{6C7282A6-81E5-436C-9892-38903A7AC189}.Debug|Any CPU.ActiveCfg = Debug|Any CPU
		{6C7282A6-81E5-436C-9892-38903A7AC189}.Debug|Any CPU.Build.0 = Debug|Any CPU
		{6C7282A6-81E5-436C-9892-38903A7AC189}.Release|Any CPU.ActiveCfg = Release|Any CPU
		{6C7282A6-81E5-436C-9892-38903A7AC189}.Release|Any CPU.Build.0 = Release|Any CPU
	EndGlobalSection
	GlobalSection(SolutionProperties) = preSolution
		HideSolutionNode = FALSE
	EndGlobalSection
	GlobalSection(ExtensibilityGlobals) = postSolution
		SolutionGuid = {47C3E3DD-30A1-4A39-94EB-603A936B0BE7}
	EndGlobalSection
EndGlobal
